
Microsoft Visual Studio Solution File, Format Version 12.00
# Visual Studio Version 16
VisualStudioVersion = 16.0.32106.194
MinimumVisualStudioVersion = 10.0.40219.1
Project("{8BC9CEB8-8B4A-11D0-8D11-00A0C91BC942}") = "上机题目4-图", "上机题目4-图.vcxproj", "{496B3A53-8985-4E48-A705-1C3695BE9E73}"
EndProject
Global
	GlobalSection(SolutionConfigurationPlatforms) = preSolution
		Debug|x64 = Debug|x64
		Debug|x86 = Debug|x86
		Release|x64 = Release|x64
		Release|x86 = Release|x86
	EndGlobalSection
	GlobalSection(ProjectConfigurationPlatforms) = postSolution
		{496B3A53-8985-4E48-A705-1C3695BE9E73}.Debug|x64.ActiveCfg = Debug|x64
		{496B3A53-8985-4E48-A705-1C3695BE9E73}.Debug|x64.Build.0 = Debug|x64
		{496B3A53-8985-4E48-A705-1C3695BE9E73}.Debug|x86.ActiveCfg = Debug|Win32
		{496B3A53-8985-4E48-A705-1C3695BE9E73}.Debug|x86.Build.0 = Debug|Win32
		{496B3A53-8985-4E48-A705-1C3695BE9E73}.Release|x64.ActiveCfg = Release|x64
		{496B3A53-8985-4E48-A705-1C3695BE9E73}.Release|x64.Build.0 = Release|x64
		{496B3A53-8985-4E48-A705-1C3695BE9E73}.Release|x86.ActiveCfg = Release|Win32
		{496B3A53-8985-4E48-A705-1C3695BE9E73}.Release|x86.Build.0 = Release|Win32
	EndGlobalSection
	GlobalSection(SolutionProperties) = preSolution
		HideSolutionNode = FALSE
	EndGlobalSection
	GlobalSection(ExtensibilityGlobals) = postSolution
		SolutionGuid = {49FDCCB6-5DC4-4BCC-9743-459BE1C4302F}
	EndGlobalSection
EndGlobal
